
Microsoft Visual Studio Solution File, Format Version 12.00
# Visual Studio Version 16
VisualStudioVersion = 16.0.29709.97
MinimumVisualStudioVersion = 10.0.40219.1
Project("{FAE04EC0-301F-11D3-BF4B-00C04F79EFBC}") = "FactoryPattern", "FactoryPattern\FactoryPattern.csproj", "{96192DE3-BFA6-45CC-8630-9A8A70E8343C}"
EndProject
Global
	GlobalSection(SolutionConfigurationPlatforms) = preSolution
		Debug|Any CPU = Debug|Any CPU
		Release|Any CPU = Release|Any CPU
	EndGlobalSection
	GlobalSection(ProjectConfigurationPlatforms) = postSolution
		{96192DE3-BFA6-45CC-8630-9A8A70E8343C}.Debug|Any CPU.ActiveCfg = Debug|Any CPU
		{96192DE3-BFA6-45CC-8630-9A8A70E8343C}.Debug|Any CPU.Build.0 = Debug|Any CPU
		{96192DE3-BFA6-45CC-8630-9A8A70E8343C}.Release|Any CPU.ActiveCfg = Release|Any CPU
		{96192DE3-BFA6-45CC-8630-9A8A70E8343C}.Release|Any CPU.Build.0 = Release|Any CPU
	EndGlobalSection
	GlobalSection(SolutionProperties) = preSolution
		HideSolutionNode = FALSE
	EndGlobalSection
	GlobalSection(ExtensibilityGlobals) = postSolution
		SolutionGuid = {B390CEDF-9FE8-432C-8C26-6C7942001856}
	EndGlobalSection
EndGlobal
