
Microsoft Visual Studio Solution File, Format Version 12.00
# Visual Studio Version 16
VisualStudioVersion = 16.0.29709.97
MinimumVisualStudioVersion = 10.0.40219.1
Project("{FAE04EC0-301F-11D3-BF4B-00C04F79EFBC}") = "ChainOfResposibility", "ChainOfResposibility\ChainOfResposibility.csproj", "{34DF3351-F0DF-43C3-B019-481E58E0E257}"
EndProject
Global
	GlobalSection(SolutionConfigurationPlatforms) = preSolution
		Debug|Any CPU = Debug|Any CPU
		Release|Any CPU = Release|Any CPU
	EndGlobalSection
	GlobalSection(ProjectConfigurationPlatforms) = postSolution
		{34DF3351-F0DF-43C3-B019-481E58E0E257}.Debug|Any CPU.ActiveCfg = Debug|Any CPU
		{34DF3351-F0DF-43C3-B019-481E58E0E257}.Debug|Any CPU.Build.0 = Debug|Any CPU
		{34DF3351-F0DF-43C3-B019-481E58E0E257}.Release|Any CPU.ActiveCfg = Release|Any CPU
		{34DF3351-F0DF-43C3-B019-481E58E0E257}.Release|Any CPU.Build.0 = Release|Any CPU
	EndGlobalSection
	GlobalSection(SolutionProperties) = preSolution
		HideSolutionNode = FALSE
	EndGlobalSection
	GlobalSection(ExtensibilityGlobals) = postSolution
		SolutionGuid = {8AC67E76-C37D-4C07-8BEA-0A4AE7E63DE3}
	EndGlobalSection
EndGlobal
